
Microsoft Visual Studio Solution File, Format Version 12.00
# Visual Studio Version 16
VisualStudioVersion = 16.0.30320.27
MinimumVisualStudioVersion = 10.0.40219.1
Project("{FAE04EC0-301F-11D3-BF4B-00C04F79EFBC}") = "ROBOT_CONTROL_GUI_LOG_IN", "ROBOT_CONTROL_GUI_01\ROBOT_CONTROL_GUI_LOG_IN.csproj", "{E6BBB9BA-837B-44BE-8482-ED7369B2C6E0}"
EndProject
Global
	GlobalSection(SolutionConfigurationPlatforms) = preSolution
		Debug|Any CPU = Debug|Any CPU
		Release|Any CPU = Release|Any CPU
	EndGlobalSection
	GlobalSection(ProjectConfigurationPlatforms) = postSolution
		{E6BBB9BA-837B-44BE-8482-ED7369B2C6E0}.Debug|Any CPU.ActiveCfg = Debug|Any CPU
		{E6BBB9BA-837B-44BE-8482-ED7369B2C6E0}.Debug|Any CPU.Build.0 = Debug|Any CPU
		{E6BBB9BA-837B-44BE-8482-ED7369B2C6E0}.Release|Any CPU.ActiveCfg = Release|Any CPU
		{E6BBB9BA-837B-44BE-8482-ED7369B2C6E0}.Release|Any CPU.Build.0 = Release|Any CPU
	EndGlobalSection
	GlobalSection(SolutionProperties) = preSolution
		HideSolutionNode = FALSE
	EndGlobalSection
	GlobalSection(ExtensibilityGlobals) = postSolution
		SolutionGuid = {00EDDED6-AB6D-46D8-B656-DF4BA5C172EA}
	EndGlobalSection
EndGlobal
